<?xml version="1.0" encoding="utf-8"?>
<Project ToolsVersion="4.0" xmlns="http://schemas.microsoft.com/developer/msbuild/2003">
  <ItemGroup>
    <Filter Include="Source Files">
      <UniqueIdentifier>{4FC737F1-C7A5-4376-A066-2A32D752A2FF}</UniqueIdentifier>
      <Extensions>cpp;c;cc;cxx;c++;cppm;ixx;def;odl;idl;hpj;bat;asm;asmx</Extensions>
    </Filter>
    <Filter Include="Header Files">
      <UniqueIdentifier>{93995380-89BD-4b04-88EB-625FBE52EBFB}</UniqueIdentifier>
      <Extensions>h;hh;hpp;hxx;h++;hm;inl;inc;ipp;xsd</Extensions>
    </Filter>
    <Filter Include="Resource Files">
      <UniqueIdentifier>{67DA6AB6-F800-4c08-8B7A-83BB121AAD01}</UniqueIdentifier>
      <Extensions>rc;ico;cur;bmp;dlg;rc2;rct;bin;rgs;gif;jpg;jpeg;jpe;resx;tiff;tif;png;wav;mfcribbon-ms</Extensions>
    </Filter>
    <Filter Include="Source Files\Materials">
      <UniqueIdentifier>{219feee1-d036-4a35-8918-dbcaa5f62147}</UniqueIdentifier>
    </Filter>
    <Filter Include="Header Files\Materials">
      <UniqueIdentifier>{3989086b-6707-431a-9633-ad885a6704eb}</UniqueIdentifier>
    </Filter>
    <Filter Include="Source Files\Logic">
      <UniqueIdentifier>{b3c9cf19-54cf-4632-bc8b-fd30bde3614f}</UniqueIdentifier>
    </Filter>
    <Filter Include="Header Files\Logic">
      <UniqueIdentifier>{1904f12f-bc7f-4960-814a-dcd643cd3cb5}</UniqueIdentifier>
    </Filter>
    <Filter Include="Header Files\Visual">
      <UniqueIdentifier>{38dcde0a-d643-4a90-a80b-5053e3fcbed7}</UniqueIdentifier>
    </Filter>
    <Filter Include="Source Files\Visual">
      <UniqueIdentifier>{de373a00-3dd0-494c-9de1-8dce396759e8}</UniqueIdentifier>
    </Filter>
    <Filter Include="Header Files\Materials\Types">
      <UniqueIdentifier>{bd5a2a7b-2f5d-4197-8d67-77f36f5a35d6}</UniqueIdentifier>
    </Filter>
    <Filter Include="Source Files\Materials\Types">
      <UniqueIdentifier>{477871ad-2100-429e-9b63-5c2bb4481f4d}</UniqueIdentifier>
    </Filter>
  </ItemGroup>
  <ItemGroup>
    <ClCompile Include="main.cpp">
      <Filter>Source Files</Filter>
    </ClCompile>
    <ClCompile Include="glad\src\glad.c">
      <Filter>Source Files</Filter>
    </ClCompile>
    <ClCompile Include="material.cpp">
      <Filter>Source Files\Materials</Filter>
    </ClCompile>
    <ClCompile Include="air.cpp">
      <Filter>Source Files\Materials</Filter>
    </ClCompile>
    <ClCompile Include="visual.cpp">
      <Filter>Source Files\Visual</Filter>
    </ClCompile>
    <ClCompile Include="game.cpp">
      <Filter>Source Files\Logic</Filter>
    </ClCompile>
    <ClCompile Include="cell.cpp">
      <Filter>Source Files\Logic</Filter>
    </ClCompile>
    <ClCompile Include="shaders.cpp">
      <Filter>Source Files\Visual</Filter>
    </ClCompile>
    <ClCompile Include="field.cpp">
      <Filter>Source Files\Logic</Filter>
    </ClCompile>
    <ClCompile Include="solid_static.cpp">
      <Filter>Source Files\Materials\Types</Filter>
    </ClCompile>
    <ClCompile Include="liquid.cpp">
      <Filter>Source Files\Materials\Types</Filter>
    </ClCompile>
    <ClCompile Include="gas.cpp">
      <Filter>Source Files\Materials\Types</Filter>
    </ClCompile>
    <ClCompile Include="solid_dynamic.cpp">
      <Filter>Source Files\Materials\Types</Filter>
    </ClCompile>
  </ItemGroup>
  <ItemGroup>
    <ClInclude Include="material.h">
      <Filter>Header Files\Materials</Filter>
    </ClInclude>
    <ClInclude Include="air.h">
      <Filter>Header Files\Materials</Filter>
    </ClInclude>
    <ClInclude Include="visual.h">
      <Filter>Header Files\Visual</Filter>
    </ClInclude>
    <ClInclude Include="cell.h">
      <Filter>Header Files\Logic</Filter>
    </ClInclude>
    <ClInclude Include="game.h">
      <Filter>Header Files\Logic</Filter>
    </ClInclude>
    <ClInclude Include="shaders.h">
      <Filter>Header Files\Visual</Filter>
    </ClInclude>
    <ClInclude Include="field.h">
      <Filter>Header Files\Logic</Filter>
    </ClInclude>
    <ClInclude Include="solid_static.h">
      <Filter>Header Files\Materials\Types</Filter>
    </ClInclude>
    <ClInclude Include="liquid.h">
      <Filter>Header Files\Materials\Types</Filter>
    </ClInclude>
    <ClInclude Include="gas.h">
      <Filter>Header Files\Materials\Types</Filter>
    </ClInclude>
    <ClInclude Include="solid_dynamic.h">
      <Filter>Header Files\Materials\Types</Filter>
    </ClInclude>
  </ItemGroup>
</Project>